
Microsoft Visual Studio Solution File, Format Version 12.00
# Visual Studio Version 17
VisualStudioVersion = 17.7.34024.191
MinimumVisualStudioVersion = 10.0.40219.1
Project("{FAE04EC0-301F-11D3-BF4B-00C04F79EFBC}") = "App4task3", "App4task3.csproj", "{1F0DA781-F861-4D17-B210-B5E394CA9212}"
EndProject
Global
	GlobalSection(SolutionConfigurationPlatforms) = preSolution
		Debug|Any CPU = Debug|Any CPU
		Release|Any CPU = Release|Any CPU
	EndGlobalSection
	GlobalSection(ProjectConfigurationPlatforms) = postSolution
		{1F0DA781-F861-4D17-B210-B5E394CA9212}.Debug|Any CPU.ActiveCfg = Debug|Any CPU
		{1F0DA781-F861-4D17-B210-B5E394CA9212}.Debug|Any CPU.Build.0 = Debug|Any CPU
		{1F0DA781-F861-4D17-B210-B5E394CA9212}.Release|Any CPU.ActiveCfg = Release|Any CPU
		{1F0DA781-F861-4D17-B210-B5E394CA9212}.Release|Any CPU.Build.0 = Release|Any CPU
	EndGlobalSection
	GlobalSection(SolutionProperties) = preSolution
		HideSolutionNode = FALSE
	EndGlobalSection
	GlobalSection(ExtensibilityGlobals) = postSolution
		SolutionGuid = {A923C89C-7C01-4C43-9A07-5C81CF1C07A8}
	EndGlobalSection
EndGlobal
